
Microsoft Visual Studio Solution File, Format Version 12.00
# Visual Studio Version 16
VisualStudioVersion = 16.0.30523.141
MinimumVisualStudioVersion = 10.0.40219.1
Project("{FAE04EC0-301F-11D3-BF4B-00C04F79EFBC}") = "UserRegistrationAnnotationNew", "UserRegistrationAnnotationNew\UserRegistrationAnnotationNew.csproj", "{EA0BC8D4-76EE-4CDC-8CD5-78AA7E5A9EA1}"
EndProject
Global
	GlobalSection(SolutionConfigurationPlatforms) = preSolution
		Debug|Any CPU = Debug|Any CPU
		Release|Any CPU = Release|Any CPU
	EndGlobalSection
	GlobalSection(ProjectConfigurationPlatforms) = postSolution
		{EA0BC8D4-76EE-4CDC-8CD5-78AA7E5A9EA1}.Debug|Any CPU.ActiveCfg = Debug|Any CPU
		{EA0BC8D4-76EE-4CDC-8CD5-78AA7E5A9EA1}.Debug|Any CPU.Build.0 = Debug|Any CPU
		{EA0BC8D4-76EE-4CDC-8CD5-78AA7E5A9EA1}.Release|Any CPU.ActiveCfg = Release|Any CPU
		{EA0BC8D4-76EE-4CDC-8CD5-78AA7E5A9EA1}.Release|Any CPU.Build.0 = Release|Any CPU
	EndGlobalSection
	GlobalSection(SolutionProperties) = preSolution
		HideSolutionNode = FALSE
	EndGlobalSection
	GlobalSection(ExtensibilityGlobals) = postSolution
		SolutionGuid = {80B4FF93-227F-45A2-A38D-A47EBA269FB6}
	EndGlobalSection
EndGlobal
